
Microsoft Visual Studio Solution File, Format Version 12.00
# Visual Studio Version 17
VisualStudioVersion = 17.3.32804.467
MinimumVisualStudioVersion = 10.0.40219.1
Project("{9A19103F-16F7-4668-BE54-9A1E7A4F7556}") = "RestfulTweaks", "RestfulTweaks.csproj", "{A6904240-8C60-4753-8B75-C4D68BDFE6C3}"
EndProject
Global
	GlobalSection(SolutionConfigurationPlatforms) = preSolution
		Debug|Any CPU = Debug|Any CPU
		Release|Any CPU = Release|Any CPU
	EndGlobalSection
	GlobalSection(ProjectConfigurationPlatforms) = postSolution
		{A6904240-8C60-4753-8B75-C4D68BDFE6C3}.Debug|Any CPU.ActiveCfg = Debug|Any CPU
		{A6904240-8C60-4753-8B75-C4D68BDFE6C3}.Debug|Any CPU.Build.0 = Debug|Any CPU
		{A6904240-8C60-4753-8B75-C4D68BDFE6C3}.Release|Any CPU.ActiveCfg = Release|Any CPU
		{A6904240-8C60-4753-8B75-C4D68BDFE6C3}.Release|Any CPU.Build.0 = Release|Any CPU
	EndGlobalSection
	GlobalSection(SolutionProperties) = preSolution
		HideSolutionNode = FALSE
	EndGlobalSection
	GlobalSection(ExtensibilityGlobals) = postSolution
		SolutionGuid = {5E498319-E0E3-4696-863F-86ABDA27F714}
	EndGlobalSection
EndGlobal
